
Microsoft Visual Studio Solution File, Format Version 12.00
# Visual Studio Version 17
VisualStudioVersion = 17.5.33414.496
MinimumVisualStudioVersion = 10.0.40219.1
Project("{FAE04EC0-301F-11D3-BF4B-00C04F79EFBC}") = "MaiVanHieu_CNTT4K61_201200123", "MaiVanHieu_CNTT4K61_201200123.csproj", "{1B9B92E0-4FEA-4EEB-BB1B-62520A181839}"
EndProject
Global
	GlobalSection(SolutionConfigurationPlatforms) = preSolution
		Debug|Any CPU = Debug|Any CPU
		Release|Any CPU = Release|Any CPU
	EndGlobalSection
	GlobalSection(ProjectConfigurationPlatforms) = postSolution
		{1B9B92E0-4FEA-4EEB-BB1B-62520A181839}.Debug|Any CPU.ActiveCfg = Debug|Any CPU
		{1B9B92E0-4FEA-4EEB-BB1B-62520A181839}.Debug|Any CPU.Build.0 = Debug|Any CPU
		{1B9B92E0-4FEA-4EEB-BB1B-62520A181839}.Release|Any CPU.ActiveCfg = Release|Any CPU
		{1B9B92E0-4FEA-4EEB-BB1B-62520A181839}.Release|Any CPU.Build.0 = Release|Any CPU
	EndGlobalSection
	GlobalSection(SolutionProperties) = preSolution
		HideSolutionNode = FALSE
	EndGlobalSection
	GlobalSection(ExtensibilityGlobals) = postSolution
		SolutionGuid = {C993DDF9-5B55-41D3-8409-76D35A64EF1C}
	EndGlobalSection
EndGlobal
